github.com/joho/godotenv v1.4.0 h1:3l4+N6zfMWnkbPEXKng2o2/MR5mSwTrBih4ZEkkz1lg=
github.com/joho/godotenv v1.4.0/go.mod h1:f4LDr5Voq0i2e/R5DDNOoa2zzDfwtkZa6DnEwAbqwq4=
github.com/webview/webview v0.0.0-20210330151455-f540d88dde4e h1:z780M7mCrdt6KiICeW9SGirvQjxDlrVU+n99FO93nbI=
github.com/webview/webview v0.0.0-20210330151455-f540d88dde4e/go.mod h1:rpXAuuHgyEJb6kXcXldlkOjU6y4x+YcASKKXJNUhh0Y=
github.com/zyedidia/rope v0.0.0-20210616205215-37fbf22eab3a h1:+VbuFCNAjzVffErUlm0TIAZClFxFZwJ1il6qtWrnIg8=
github.com/zyedidia/rope v0.0.0-20210616205215-37fbf22eab3a/go.mod h1:IKo1js3O2gdESAUH9F3B33wlrRBnpJMJR/gXyY0a3ho=
